// !$*UTF8*$!
{
	archiveVersion = 1;
	classes = {
	};
	objectVersion = 46;
	objects = {

/* Begin PBXBuildFile section */
		3F89215C3D1B4AC8BA1BD77F /* libPods.a in Frameworks */ = {isa = PBXBuildFile; fileRef = 44FBCBACC3C14A0E90B45B9E /* libPods.a */; };
		A3B306AD194ADBD60033DC99 /* DFPokerGame.m in Sources */ = {isa = PBXBuildFile; fileRef = A3B306AC194ADBD60033DC99 /* DFPokerGame.m */; };
		A3B306B0194AFCC40033DC99 /* DFPokerHand.m in Sources */ = {isa = PBXBuildFile; fileRef = A3B306AF194AFCC40033DC99 /* DFPokerHand.m */; };
		A3B306B3194AFD140033DC99 /* DFPokerHandManager.m in Sources */ = {isa = PBXBuildFile; fileRef = A3B306B2194AFD140033DC99 /* DFPokerHandManager.m */; };
		A3B306B6194AFEA20033DC99 /* DFPokerHandsTableViewController.m in Sources */ = {isa = PBXBuildFile; fileRef = A3B306B5194AFEA20033DC99 /* DFPokerHandsTableViewController.m */; };
		A3B306B9194B13590033DC99 /* DFPlayerMove.m in Sources */ = {isa = PBXBuildFile; fileRef = A3B306B8194B13590033DC99 /* DFPlayerMove.m */; };
		A3B306BB194B17920033DC99 /* Scenarios.json in Resources */ = {isa = PBXBuildFile; fileRef = A3B306BA194B17920033DC99 /* Scenarios.json */; };
		A3B306BE194B26FF0033DC99 /* DFPokerTableViewController.m in Sources */ = {isa = PBXBuildFile; fileRef = A3B306BD194B26FF0033DC99 /* DFPokerTableViewController.m */; };
		A3B306C1194B3D660033DC99 /* DFPlayersTableViewCell.m in Sources */ = {isa = PBXBuildFile; fileRef = A3B306C0194B3D660033DC99 /* DFPlayersTableViewCell.m */; };
		A3C5CF6B194771E200D8F7CE /* Foundation.framework in Frameworks */ = {isa = PBXBuildFile; fileRef = A3C5CF6A194771E200D8F7CE /* Foundation.framework */; };
		A3C5CF6D194771E200D8F7CE /* CoreGraphics.framework in Frameworks */ = {isa = PBXBuildFile; fileRef = A3C5CF6C194771E200D8F7CE /* CoreGraphics.framework */; };
		A3C5CF6F194771E200D8F7CE /* UIKit.framework in Frameworks */ = {isa = PBXBuildFile; fileRef = A3C5CF6E194771E200D8F7CE /* UIKit.framework */; };
		A3C5CF75194771E200D8F7CE /* InfoPlist.strings in Resources */ = {isa = PBXBuildFile; fileRef = A3C5CF73194771E200D8F7CE /* InfoPlist.strings */; };
		A3C5CF77194771E200D8F7CE /* main.m in Sources */ = {isa = PBXBuildFile; fileRef = A3C5CF76194771E200D8F7CE /* main.m */; };
		A3C5CF7B194771E200D8F7CE /* DFAppDelegate.m in Sources */ = {isa = PBXBuildFile; fileRef = A3C5CF7A194771E200D8F7CE /* DFAppDelegate.m */; };
		A3C5CF86194771E200D8F7CE /* Images.xcassets in Resources */ = {isa = PBXBuildFile; fileRef = A3C5CF85194771E200D8F7CE /* Images.xcassets */; };
		A3C5CF8D194771E300D8F7CE /* XCTest.framework in Frameworks */ = {isa = PBXBuildFile; fileRef = A3C5CF8C194771E300D8F7CE /* XCTest.framework */; };
		A3C5CF8E194771E300D8F7CE /* Foundation.framework in Frameworks */ = {isa = PBXBuildFile; fileRef = A3C5CF6A194771E200D8F7CE /* Foundation.framework */; };
		A3C5CF8F194771E300D8F7CE /* UIKit.framework in Frameworks */ = {isa = PBXBuildFile; fileRef = A3C5CF6E194771E200D8F7CE /* UIKit.framework */; };
		A3C5CF97194771E300D8F7CE /* InfoPlist.strings in Resources */ = {isa = PBXBuildFile; fileRef = A3C5CF95194771E300D8F7CE /* InfoPlist.strings */; };
		A3C5CF99194771E300D8F7CE /* PokerDemoTableTests.m in Sources */ = {isa = PBXBuildFile; fileRef = A3C5CF98194771E300D8F7CE /* PokerDemoTableTests.m */; };
		A3C5CFAD1947779200D8F7CE /* DFPlayersTableViewController.m in Sources */ = {isa = PBXBuildFile; fileRef = A3C5CFAC1947779200D8F7CE /* DFPlayersTableViewController.m */; };
		A3C5CFB0194779B200D8F7CE /* DFRegistrationViewController.m in Sources */ = {isa = PBXBuildFile; fileRef = A3C5CFAF194779B200D8F7CE /* DFRegistrationViewController.m */; };
		A3D39CC11948B560000B10F2 /* DFDataModelController.m in Sources */ = {isa = PBXBuildFile; fileRef = A3D39CC01948B560000B10F2 /* DFDataModelController.m */; };
		A3D39CC41948B597000B10F2 /* DFDataModel.xcdatamodeld in Sources */ = {isa = PBXBuildFile; fileRef = A3D39CC21948B597000B10F2 /* DFDataModel.xcdatamodeld */; };
		A3D39CCF1948BF95000B10F2 /* _DFPlayer.m in Sources */ = {isa = PBXBuildFile; fileRef = A3D39CCC1948BF95000B10F2 /* _DFPlayer.m */; };
		A3D39CD01948BF95000B10F2 /* DFPlayer.m in Sources */ = {isa = PBXBuildFile; fileRef = A3D39CCE1948BF95000B10F2 /* DFPlayer.m */; };
		A3D39CD41948D398000B10F2 /* UIImage+Resizing.m in Sources */ = {isa = PBXBuildFile; fileRef = A3D39CD31948D398000B10F2 /* UIImage+Resizing.m */; };
		FB3490081949B072009AF483 /* Main_iPhone.storyboard in Resources */ = {isa = PBXBuildFile; fileRef = A3C5CF7C194771E200D8F7CE /* Main_iPhone.storyboard */; };
/* End PBXBuildFile section */

/* Begin PBXContainerItemProxy section */
		A3C5CF90194771E300D8F7CE /* PBXContainerItemProxy */ = {
			isa = PBXContainerItemProxy;
			containerPortal = A3C5CF5F194771E200D8F7CE /* Project object */;
			proxyType = 1;
			remoteGlobalIDString = A3C5CF66194771E200D8F7CE;
			remoteInfo = PokerDemoTable;
		};
/* End PBXContainerItemProxy section */

/* Begin PBXFileReference section */
		25ABB5E8CC7B4C00907EC67B /* Pods.xcconfig */ = {isa = PBXFileReference; includeInIndex = 1; lastKnownFileType = text.xcconfig; name = Pods.xcconfig; path = Pods/Pods.xcconfig; sourceTree = "<group>"; };
		44FBCBACC3C14A0E90B45B9E /* libPods.a */ = {isa = PBXFileReference; explicitFileType = archive.ar; includeInIndex = 0; path = libPods.a; sourceTree = BUILT_PRODUCTS_DIR; };
		A3B306AB194ADBD60033DC99 /* DFPokerGame.h */ = {isa = PBXFileReference; fileEncoding = 4; lastKnownFileType = sourcecode.c.h; path = DFPokerGame.h; sourceTree = "<group>"; };
		A3B306AC194ADBD60033DC99 /* DFPokerGame.m */ = {isa = PBXFileReference; fileEncoding = 4; lastKnownFileType = sourcecode.c.objc; path = DFPokerGame.m; sourceTree = "<group>"; };
		A3B306AE194AFCC40033DC99 /* DFPokerHand.h */ = {isa = PBXFileReference; fileEncoding = 4; lastKnownFileType = sourcecode.c.h; path = DFPokerHand.h; sourceTree = "<group>"; };
		A3B306AF194AFCC40033DC99 /* DFPokerHand.m */ = {isa = PBXFileReference; fileEncoding = 4; lastKnownFileType = sourcecode.c.objc; path = DFPokerHand.m; sourceTree = "<group>"; };
		A3B306B1194AFD140033DC99 /* DFPokerHandManager.h */ = {isa = PBXFileReference; fileEncoding = 4; lastKnownFileType = sourcecode.c.h; path = DFPokerHandManager.h; sourceTree = "<group>"; };
		A3B306B2194AFD140033DC99 /* DFPokerHandManager.m */ = {isa = PBXFileReference; fileEncoding = 4; lastKnownFileType = sourcecode.c.objc; path = DFPokerHandManager.m; sourceTree = "<group>"; };
		A3B306B4194AFEA20033DC99 /* DFPokerHandsTableViewController.h */ = {isa = PBXFileReference; fileEncoding = 4; lastKnownFileType = sourcecode.c.h; path = DFPokerHandsTableViewController.h; sourceTree = "<group>"; };
		A3B306B5194AFEA20033DC99 /* DFPokerHandsTableViewController.m */ = {isa = PBXFileReference; fileEncoding = 4; lastKnownFileType = sourcecode.c.objc; path = DFPokerHandsTableViewController.m; sourceTree = "<group>"; };
		A3B306B7194B13590033DC99 /* DFPlayerMove.h */ = {isa = PBXFileReference; fileEncoding = 4; lastKnownFileType = sourcecode.c.h; path = DFPlayerMove.h; sourceTree = "<group>"; };
		A3B306B8194B13590033DC99 /* DFPlayerMove.m */ = {isa = PBXFileReference; fileEncoding = 4; lastKnownFileType = sourcecode.c.objc; path = DFPlayerMove.m; sourceTree = "<group>"; };
		A3B306BA194B17920033DC99 /* Scenarios.json */ = {isa = PBXFileReference; fileEncoding = 4; lastKnownFileType = text.json; path = Scenarios.json; sourceTree = "<group>"; };
		A3B306BC194B26FF0033DC99 /* DFPokerTableViewController.h */ = {isa = PBXFileReference; fileEncoding = 4; lastKnownFileType = sourcecode.c.h; path = DFPokerTableViewController.h; sourceTree = "<group>"; };
		A3B306BD194B26FF0033DC99 /* DFPokerTableViewController.m */ = {isa = PBXFileReference; fileEncoding = 4; lastKnownFileType = sourcecode.c.objc; path = DFPokerTableViewController.m; sourceTree = "<group>"; };
		A3B306BF194B3D660033DC99 /* DFPlayersTableViewCell.h */ = {isa = PBXFileReference; fileEncoding = 4; lastKnownFileType = sourcecode.c.h; path = DFPlayersTableViewCell.h; sourceTree = "<group>"; };
		A3B306C0194B3D660033DC99 /* DFPlayersTableViewCell.m */ = {isa = PBXFileReference; fileEncoding = 4; lastKnownFileType = sourcecode.c.objc; path = DFPlayersTableViewCell.m; sourceTree = "<group>"; };
		A3C5CF67194771E200D8F7CE /* PokerDemoTable.app */ = {isa = PBXFileReference; explicitFileType = wrapper.application; includeInIndex = 0; path = PokerDemoTable.app; sourceTree = BUILT_PRODUCTS_DIR; };
		A3C5CF6A194771E200D8F7CE /* Foundation.framework */ = {isa = PBXFileReference; lastKnownFileType = wrapper.framework; name = Foundation.framework; path = System/Library/Frameworks/Foundation.framework; sourceTree = SDKROOT; };
		A3C5CF6C194771E200D8F7CE /* CoreGraphics.framework */ = {isa = PBXFileReference; lastKnownFileType = wrapper.framework; name = CoreGraphics.framework; path = System/Library/Frameworks/CoreGraphics.framework; sourceTree = SDKROOT; };
		A3C5CF6E194771E200D8F7CE /* UIKit.framework */ = {isa = PBXFileReference; lastKnownFileType = wrapper.framework; name = UIKit.framework; path = System/Library/Frameworks/UIKit.framework; sourceTree = SDKROOT; };
		A3C5CF72194771E200D8F7CE /* PokerDemoTable-Info.plist */ = {isa = PBXFileReference; lastKnownFileType = text.plist.xml; path = "PokerDemoTable-Info.plist"; sourceTree = "<group>"; };
		A3C5CF74194771E200D8F7CE /* en */ = {isa = PBXFileReference; lastKnownFileType = text.plist.strings; name = en; path = en.lproj/InfoPlist.strings; sourceTree = "<group>"; };
		A3C5CF76194771E200D8F7CE /* main.m */ = {isa = PBXFileReference; lastKnownFileType = sourcecode.c.objc; path = main.m; sourceTree = "<group>"; };
		A3C5CF78194771E200D8F7CE /* PokerDemoTable-Prefix.pch */ = {isa = PBXFileReference; lastKnownFileType = sourcecode.c.h; path = "PokerDemoTable-Prefix.pch"; sourceTree = "<group>"; };
		A3C5CF79194771E200D8F7CE /* DFAppDelegate.h */ = {isa = PBXFileReference; lastKnownFileType = sourcecode.c.h; path = DFAppDelegate.h; sourceTree = "<group>"; };
		A3C5CF7A194771E200D8F7CE /* DFAppDelegate.m */ = {isa = PBXFileReference; lastKnownFileType = sourcecode.c.objc; path = DFAppDelegate.m; sourceTree = "<group>"; };
		A3C5CF80194771E200D8F7CE /* Base */ = {isa = PBXFileReference; lastKnownFileType = file.storyboard; name = Base; path = Base.lproj/Main_iPad.storyboard; sourceTree = "<group>"; };
		A3C5CF85194771E200D8F7CE /* Images.xcassets */ = {isa = PBXFileReference; lastKnownFileType = folder.assetcatalog; path = Images.xcassets; sourceTree = "<group>"; };
		A3C5CF8B194771E300D8F7CE /* PokerDemoTableTests.xctest */ = {isa = PBXFileReference; explicitFileType = wrapper.cfbundle; includeInIndex = 0; path = PokerDemoTableTests.xctest; sourceTree = BUILT_PRODUCTS_DIR; };
		A3C5CF8C194771E300D8F7CE /* XCTest.framework */ = {isa = PBXFileReference; lastKnownFileType = wrapper.framework; name = XCTest.framework; path = Library/Frameworks/XCTest.framework; sourceTree = DEVELOPER_DIR; };
		A3C5CF94194771E300D8F7CE /* PokerDemoTableTests-Info.plist */ = {isa = PBXFileReference; lastKnownFileType = text.plist.xml; path = "PokerDemoTableTests-Info.plist"; sourceTree = "<group>"; };
		A3C5CF96194771E300D8F7CE /* en */ = {isa = PBXFileReference; lastKnownFileType = text.plist.strings; name = en; path = en.lproj/InfoPlist.strings; sourceTree = "<group>"; };
		A3C5CF98194771E300D8F7CE /* PokerDemoTableTests.m */ = {isa = PBXFileReference; lastKnownFileType = sourcecode.c.objc; path = PokerDemoTableTests.m; sourceTree = "<group>"; };
		A3C5CFAB1947779200D8F7CE /* DFPlayersTableViewController.h */ = {isa = PBXFileReference; fileEncoding = 4; lastKnownFileType = sourcecode.c.h; path = DFPlayersTableViewController.h; sourceTree = "<group>"; };
		A3C5CFAC1947779200D8F7CE /* DFPlayersTableViewController.m */ = {isa = PBXFileReference; fileEncoding = 4; lastKnownFileType = sourcecode.c.objc; path = DFPlayersTableViewController.m; sourceTree = "<group>"; };
		A3C5CFAE194779B200D8F7CE /* DFRegistrationViewController.h */ = {isa = PBXFileReference; fileEncoding = 4; lastKnownFileType = sourcecode.c.h; path = DFRegistrationViewController.h; sourceTree = "<group>"; };
		A3C5CFAF194779B200D8F7CE /* DFRegistrationViewController.m */ = {isa = PBXFileReference; fileEncoding = 4; lastKnownFileType = sourcecode.c.objc; path = DFRegistrationViewController.m; sourceTree = "<group>"; };
		A3D39CBF1948B560000B10F2 /* DFDataModelController.h */ = {isa = PBXFileReference; fileEncoding = 4; lastKnownFileType = sourcecode.c.h; path = DFDataModelController.h; sourceTree = "<group>"; };
		A3D39CC01948B560000B10F2 /* DFDataModelController.m */ = {isa = PBXFileReference; fileEncoding = 4; lastKnownFileType = sourcecode.c.objc; path = DFDataModelController.m; sourceTree = "<group>"; };
		A3D39CC31948B597000B10F2 /* DFDataModel.xcdatamodel */ = {isa = PBXFileReference; lastKnownFileType = wrapper.xcdatamodel; path = DFDataModel.xcdatamodel; sourceTree = "<group>"; };
		A3D39CCB1948BF95000B10F2 /* _DFPlayer.h */ = {isa = PBXFileReference; fileEncoding = 4; lastKnownFileType = sourcecode.c.h; path = _DFPlayer.h; sourceTree = "<group>"; };
		A3D39CCC1948BF95000B10F2 /* _DFPlayer.m */ = {isa = PBXFileReference; fileEncoding = 4; lastKnownFileType = sourcecode.c.objc; path = _DFPlayer.m; sourceTree = "<group>"; };
		A3D39CCD1948BF95000B10F2 /* DFPlayer.h */ = {isa = PBXFileReference; fileEncoding = 4; lastKnownFileType = sourcecode.c.h; path = DFPlayer.h; sourceTree = "<group>"; };
		A3D39CCE1948BF95000B10F2 /* DFPlayer.m */ = {isa = PBXFileReference; fileEncoding = 4; lastKnownFileType = sourcecode.c.objc; path = DFPlayer.m; sourceTree = "<group>"; };
		A3D39CD21948D398000B10F2 /* UIImage+Resizing.h */ = {isa = PBXFileReference; fileEncoding = 4; lastKnownFileType = sourcecode.c.h; path = "UIImage+Resizing.h"; sourceTree = "<group>"; };
		A3D39CD31948D398000B10F2 /* UIImage+Resizing.m */ = {isa = PBXFileReference; fileEncoding = 4; lastKnownFileType = sourcecode.c.objc; path = "UIImage+Resizing.m"; sourceTree = "<group>"; };
		FB34900B1949B0DB009AF483 /* en */ = {isa = PBXFileReference; lastKnownFileType = file.storyboard; name = en; path = en.lproj/Main_iPhone.storyboard; sourceTree = "<group>"; };
/* End PBXFileReference section */

/* Begin PBXFrameworksBuildPhase section */
		A3C5CF64194771E200D8F7CE /* Frameworks */ = {
			isa = PBXFrameworksBuildPhase;
			buildActionMask = 2147483647;
			files = (
				A3C5CF6D194771E200D8F7CE /* CoreGraphics.framework in Frameworks */,
				A3C5CF6F194771E200D8F7CE /* UIKit.framework in Frameworks */,
				A3C5CF6B194771E200D8F7CE /* Foundation.framework in Frameworks */,
				3F89215C3D1B4AC8BA1BD77F /* libPods.a in Frameworks */,
			);
			runOnlyForDeploymentPostprocessing = 0;
		};
		A3C5CF88194771E300D8F7CE /* Frameworks */ = {
			isa = PBXFrameworksBuildPhase;
			buildActionMask = 2147483647;
			files = (
				A3C5CF8D194771E300D8F7CE /* XCTest.framework in Frameworks */,
				A3C5CF8F194771E300D8F7CE /* UIKit.framework in Frameworks */,
				A3C5CF8E194771E300D8F7CE /* Foundation.framework in Frameworks */,
			);
			runOnlyForDeploymentPostprocessing = 0;
		};
/* End PBXFrameworksBuildPhase section */

/* Begin PBXGroup section */
		A3C5CF5E194771E200D8F7CE = {
			isa = PBXGroup;
			children = (
				A3C5CF70194771E200D8F7CE /* PokerDemoTable */,
				A3C5CF92194771E300D8F7CE /* PokerDemoTableTests */,
				A3C5CF69194771E200D8F7CE /* Frameworks */,
				A3C5CF68194771E200D8F7CE /* Products */,
				25ABB5E8CC7B4C00907EC67B /* Pods.xcconfig */,
			);
			sourceTree = "<group>";
		};
		A3C5CF68194771E200D8F7CE /* Products */ = {
			isa = PBXGroup;
			children = (
				A3C5CF67194771E200D8F7CE /* PokerDemoTable.app */,
				A3C5CF8B194771E300D8F7CE /* PokerDemoTableTests.xctest */,
			);
			name = Products;
			sourceTree = "<group>";
		};
		A3C5CF69194771E200D8F7CE /* Frameworks */ = {
			isa = PBXGroup;
			children = (
				A3C5CF6A194771E200D8F7CE /* Foundation.framework */,
				A3C5CF6C194771E200D8F7CE /* CoreGraphics.framework */,
				A3C5CF6E194771E200D8F7CE /* UIKit.framework */,
				A3C5CF8C194771E300D8F7CE /* XCTest.framework */,
				44FBCBACC3C14A0E90B45B9E /* libPods.a */,
			);
			name = Frameworks;
			sourceTree = "<group>";
		};
		A3C5CF70194771E200D8F7CE /* PokerDemoTable */ = {
			isa = PBXGroup;
			children = (
				A3C5CFA3194772A200D8F7CE /* presentation */,
				A3C5CFA21947729D00D8F7CE /* core */,
				A3C5CF79194771E200D8F7CE /* DFAppDelegate.h */,
				A3C5CF7A194771E200D8F7CE /* DFAppDelegate.m */,
				A3C5CF7C194771E200D8F7CE /* Main_iPhone.storyboard */,
				A3C5CF7F194771E200D8F7CE /* Main_iPad.storyboard */,
				A3C5CF85194771E200D8F7CE /* Images.xcassets */,
				A3C5CF71194771E200D8F7CE /* Supporting Files */,
			);
			path = PokerDemoTable;
			sourceTree = "<group>";
		};
		A3C5CF71194771E200D8F7CE /* Supporting Files */ = {
			isa = PBXGroup;
			children = (
				A3B306BA194B17920033DC99 /* Scenarios.json */,
				A3C5CF72194771E200D8F7CE /* PokerDemoTable-Info.plist */,
				A3C5CF73194771E200D8F7CE /* InfoPlist.strings */,
				A3C5CF76194771E200D8F7CE /* main.m */,
				A3C5CF78194771E200D8F7CE /* PokerDemoTable-Prefix.pch */,
			);
			name = "Supporting Files";
			sourceTree = "<group>";
		};
		A3C5CF92194771E300D8F7CE /* PokerDemoTableTests */ = {
			isa = PBXGroup;
			children = (
				A3C5CF98194771E300D8F7CE /* PokerDemoTableTests.m */,
				A3C5CF93194771E300D8F7CE /* Supporting Files */,
			);
			path = PokerDemoTableTests;
			sourceTree = "<group>";
		};
		A3C5CF93194771E300D8F7CE /* Supporting Files */ = {
			isa = PBXGroup;
			children = (
				A3C5CF94194771E300D8F7CE /* PokerDemoTableTests-Info.plist */,
				A3C5CF95194771E300D8F7CE /* InfoPlist.strings */,
			);
			name = "Supporting Files";
			sourceTree = "<group>";
		};
		A3C5CFA21947729D00D8F7CE /* core */ = {
			isa = PBXGroup;
			children = (
				A3D39CD11948D378000B10F2 /* helpers */,
				A3C5CFA8194772D300D8F7CE /* dao */,
				A3C5CFA7194772CF00D8F7CE /* bl */,
				A3C5CFA6194772C700D8F7CE /* bo */,
			);
			path = core;
			sourceTree = "<group>";
		};
		A3C5CFA3194772A200D8F7CE /* presentation */ = {
			isa = PBXGroup;
			children = (
				A3C5CFA5194772BD00D8F7CE /* custom controls */,
				A3C5CFA4194772B500D8F7CE /* viewcontollers */,
			);
			path = presentation;
			sourceTree = "<group>";
		};
		A3C5CFA4194772B500D8F7CE /* viewcontollers */ = {
			isa = PBXGroup;
			children = (
				A3B306BC194B26FF0033DC99 /* DFPokerTableViewController.h */,
				A3B306BD194B26FF0033DC99 /* DFPokerTableViewController.m */,
				A3C5CFAB1947779200D8F7CE /* DFPlayersTableViewController.h */,
				A3C5CFAC1947779200D8F7CE /* DFPlayersTableViewController.m */,
				A3C5CFAE194779B200D8F7CE /* DFRegistrationViewController.h */,
				A3C5CFAF194779B200D8F7CE /* DFRegistrationViewController.m */,
				A3B306B4194AFEA20033DC99 /* DFPokerHandsTableViewController.h */,
				A3B306B5194AFEA20033DC99 /* DFPokerHandsTableViewController.m */,
			);
			name = viewcontollers;
			path = viewcontrollers;
			sourceTree = "<group>";
		};
		A3C5CFA5194772BD00D8F7CE /* custom controls */ = {
			isa = PBXGroup;
			children = (
				A3B306BF194B3D660033DC99 /* DFPlayersTableViewCell.h */,
				A3B306C0194B3D660033DC99 /* DFPlayersTableViewCell.m */,
			);
			path = "custom controls";
			sourceTree = "<group>";
		};
		A3C5CFA6194772C700D8F7CE /* bo */ = {
			isa = PBXGroup;
			children = (
				A3B306B7194B13590033DC99 /* DFPlayerMove.h */,
				A3B306B8194B13590033DC99 /* DFPlayerMove.m */,
				A3B306AE194AFCC40033DC99 /* DFPokerHand.h */,
				A3B306AF194AFCC40033DC99 /* DFPokerHand.m */,
				A3D39CCB1948BF95000B10F2 /* _DFPlayer.h */,
				A3D39CCC1948BF95000B10F2 /* _DFPlayer.m */,
				A3D39CCD1948BF95000B10F2 /* DFPlayer.h */,
				A3D39CCE1948BF95000B10F2 /* DFPlayer.m */,
			);
			path = bo;
			sourceTree = "<group>";
		};
		A3C5CFA7194772CF00D8F7CE /* bl */ = {
			isa = PBXGroup;
			children = (
				A3B306AB194ADBD60033DC99 /* DFPokerGame.h */,
				A3B306AC194ADBD60033DC99 /* DFPokerGame.m */,
			);
			path = bl;
			sourceTree = "<group>";
		};
		A3C5CFA8194772D300D8F7CE /* dao */ = {
			isa = PBXGroup;
			children = (
				A3C5CFAA194772E200D8F7CE /* local */,
				A3C5CFA9194772DB00D8F7CE /* network */,
			);
			path = dao;
			sourceTree = "<group>";
		};
		A3C5CFA9194772DB00D8F7CE /* network */ = {
			isa = PBXGroup;
			children = (
				A3B306B1194AFD140033DC99 /* DFPokerHandManager.h */,
				A3B306B2194AFD140033DC99 /* DFPokerHandManager.m */,
			);
			path = network;
			sourceTree = "<group>";
		};
		A3C5CFAA194772E200D8F7CE /* local */ = {
			isa = PBXGroup;
			children = (
				A3D39CBF1948B560000B10F2 /* DFDataModelController.h */,
				A3D39CC01948B560000B10F2 /* DFDataModelController.m */,
				A3D39CC21948B597000B10F2 /* DFDataModel.xcdatamodeld */,
			);
			path = local;
			sourceTree = "<group>";
		};
		A3D39CD11948D378000B10F2 /* helpers */ = {
			isa = PBXGroup;
			children = (
				A3D39CD21948D398000B10F2 /* UIImage+Resizing.h */,
				A3D39CD31948D398000B10F2 /* UIImage+Resizing.m */,
			);
			path = helpers;
			sourceTree = "<group>";
		};
/* End PBXGroup section */

/* Begin PBXNativeTarget section */
		A3C5CF66194771E200D8F7CE /* PokerDemoTable */ = {
			isa = PBXNativeTarget;
			buildConfigurationList = A3C5CF9C194771E300D8F7CE /* Build configuration list for PBXNativeTarget "PokerDemoTable" */;
			buildPhases = (
				5E980DF74B484C1FA5958233 /* Check Pods Manifest.lock */,
				A3C5CF63194771E200D8F7CE /* Sources */,
				A3C5CF64194771E200D8F7CE /* Frameworks */,
				A3C5CF65194771E200D8F7CE /* Resources */,
				F03837970DC94EFE9F1393F5 /* Copy Pods Resources */,
			);
			buildRules = (
			);
			dependencies = (
			);
			name = PokerDemoTable;
			productName = PokerDemoTable;
			productReference = A3C5CF67194771E200D8F7CE /* PokerDemoTable.app */;
			productType = "com.apple.product-type.application";
		};
		A3C5CF8A194771E300D8F7CE /* PokerDemoTableTests */ = {
			isa = PBXNativeTarget;
			buildConfigurationList = A3C5CF9F194771E300D8F7CE /* Build configuration list for PBXNativeTarget "PokerDemoTableTests" */;
			buildPhases = (
				A3C5CF87194771E300D8F7CE /* Sources */,
				A3C5CF88194771E300D8F7CE /* Frameworks */,
				A3C5CF89194771E300D8F7CE /* Resources */,
			);
			buildRules = (
			);
			dependencies = (
				A3C5CF91194771E300D8F7CE /* PBXTargetDependency */,
			);
			name = PokerDemoTableTests;
			productName = PokerDemoTableTests;
			productReference = A3C5CF8B194771E300D8F7CE /* PokerDemoTableTests.xctest */;
			productType = "com.apple.product-type.bundle.unit-test";
		};
/* End PBXNativeTarget section */

/* Begin PBXProject section */
		A3C5CF5F194771E200D8F7CE /* Project object */ = {
			isa = PBXProject;
			attributes = {
				CLASSPREFIX = DF;
				LastUpgradeCheck = 0510;
				TargetAttributes = {
					A3C5CF8A194771E300D8F7CE = {
						TestTargetID = A3C5CF66194771E200D8F7CE;
					};
				};
			};
			buildConfigurationList = A3C5CF62194771E200D8F7CE /* Build configuration list for PBXProject "PokerDemoTable" */;
			compatibilityVersion = "Xcode 3.2";
			developmentRegion = English;
			hasScannedForEncodings = 0;
			knownRegions = (
				en,
				Base,
			);
			mainGroup = A3C5CF5E194771E200D8F7CE;
			productRefGroup = A3C5CF68194771E200D8F7CE /* Products */;
			projectDirPath = "";
			projectRoot = "";
			targets = (
				A3C5CF66194771E200D8F7CE /* PokerDemoTable */,
				A3C5CF8A194771E300D8F7CE /* PokerDemoTableTests */,
			);
		};
/* End PBXProject section */

/* Begin PBXResourcesBuildPhase section */
		A3C5CF65194771E200D8F7CE /* Resources */ = {
			isa = PBXResourcesBuildPhase;
			buildActionMask = 2147483647;
			files = (
				FB3490081949B072009AF483 /* Main_iPhone.storyboard in Resources */,
				A3B306BB194B17920033DC99 /* Scenarios.json in Resources */,
				A3C5CF86194771E200D8F7CE /* Images.xcassets in Resources */,
				A3C5CF75194771E200D8F7CE /* InfoPlist.strings in Resources */,
			);
			runOnlyForDeploymentPostprocessing = 0;
		};
		A3C5CF89194771E300D8F7CE /* Resources */ = {
			isa = PBXResourcesBuildPhase;
			buildActionMask = 2147483647;
			files = (
				A3C5CF97194771E300D8F7CE /* InfoPlist.strings in Resources */,
			);
			runOnlyForDeploymentPostprocessing = 0;
		};
/* End PBXResourcesBuildPhase section */

/* Begin PBXShellScriptBuildPhase section */
		5E980DF74B484C1FA5958233 /* Check Pods Manifest.lock */ = {
			isa = PBXShellScriptBuildPhase;
			buildActionMask = 2147483647;
			files = (
			);
			inputPaths = (
			);
			name = "Check Pods Manifest.lock";
			outputPaths = (
			);
			runOnlyForDeploymentPostprocessing = 0;
			shellPath = /bin/sh;
			shellScript = "diff \"${PODS_ROOT}/../Podfile.lock\" \"${PODS_ROOT}/Manifest.lock\" > /dev/null\nif [[ $? != 0 ]] ; then\n    cat << EOM\nerror: The sandbox is not in sync with the Podfile.lock. Run 'pod install' or update your CocoaPods installation.\nEOM\n    exit 1\nfi\n";
			showEnvVarsInLog = 0;
		};
		F03837970DC94EFE9F1393F5 /* Copy Pods Resources */ = {
			isa = PBXShellScriptBuildPhase;
			buildActionMask = 2147483647;
			files = (
			);
			inputPaths = (
			);
			name = "Copy Pods Resources";
			outputPaths = (
			);
			runOnlyForDeploymentPostprocessing = 0;
			shellPath = /bin/sh;
			shellScript = "\"${SRCROOT}/Pods/Pods-resources.sh\"\n";
			showEnvVarsInLog = 0;
		};
/* End PBXShellScriptBuildPhase section */

/* Begin PBXSourcesBuildPhase section */
		A3C5CF63194771E200D8F7CE /* Sources */ = {
			isa = PBXSourcesBuildPhase;
			buildActionMask = 2147483647;
			files = (
				A3B306C1194B3D660033DC99 /* DFPlayersTableViewCell.m in Sources */,
				A3C5CF7B194771E200D8F7CE /* DFAppDelegate.m in Sources */,
				A3D39CC41948B597000B10F2 /* DFDataModel.xcdatamodeld in Sources */,
				A3C5CFB0194779B200D8F7CE /* DFRegistrationViewController.m in Sources */,
				A3B306AD194ADBD60033DC99 /* DFPokerGame.m in Sources */,
				A3D39CCF1948BF95000B10F2 /* _DFPlayer.m in Sources */,
				A3B306B0194AFCC40033DC99 /* DFPokerHand.m in Sources */,
				A3D39CD01948BF95000B10F2 /* DFPlayer.m in Sources */,
				A3B306B9194B13590033DC99 /* DFPlayerMove.m in Sources */,
				A3C5CFAD1947779200D8F7CE /* DFPlayersTableViewController.m in Sources */,
				A3B306B3194AFD140033DC99 /* DFPokerHandManager.m in Sources */,
				A3B306BE194B26FF0033DC99 /* DFPokerTableViewController.m in Sources */,
				A3D39CD41948D398000B10F2 /* UIImage+Resizing.m in Sources */,
				A3C5CF77194771E200D8F7CE /* main.m in Sources */,
				A3D39CC11948B560000B10F2 /* DFDataModelController.m in Sources */,
				A3B306B6194AFEA20033DC99 /* DFPokerHandsTableViewController.m in Sources */,
			);
			runOnlyForDeploymentPostprocessing = 0;
		};
		A3C5CF87194771E300D8F7CE /* Sources */ = {
			isa = PBXSourcesBuildPhase;
			buildActionMask = 2147483647;
			files = (
				A3C5CF99194771E300D8F7CE /* PokerDemoTableTests.m in Sources */,
			);
			runOnlyForDeploymentPostprocessing = 0;
		};
/* End PBXSourcesBuildPhase section */

/* Begin PBXTargetDependency section */
		A3C5CF91194771E300D8F7CE /* PBXTargetDependency */ = {
			isa = PBXTargetDependency;
			target = A3C5CF66194771E200D8F7CE /* PokerDemoTable */;
			targetProxy = A3C5CF90194771E300D8F7CE /* PBXContainerItemProxy */;
		};
/* End PBXTargetDependency section */

/* Begin PBXVariantGroup section */
		A3C5CF73194771E200D8F7CE /* InfoPlist.strings */ = {
			isa = PBXVariantGroup;
			children = (
				A3C5CF74194771E200D8F7CE /* en */,
			);
			name = InfoPlist.strings;
			sourceTree = "<group>";
		};
		A3C5CF7C194771E200D8F7CE /* Main_iPhone.storyboard */ = {
			isa = PBXVariantGroup;
			children = (
				FB34900B1949B0DB009AF483 /* en */,
			);
			name = Main_iPhone.storyboard;
			sourceTree = "<group>";
		};
		A3C5CF7F194771E200D8F7CE /* Main_iPad.storyboard */ = {
			isa = PBXVariantGroup;
			children = (
				A3C5CF80194771E200D8F7CE /* Base */,
			);
			name = Main_iPad.storyboard;
			sourceTree = "<group>";
		};
		A3C5CF95194771E300D8F7CE /* InfoPlist.strings */ = {
			isa = PBXVariantGroup;
			children = (
				A3C5CF96194771E300D8F7CE /* en */,
			);
			name = InfoPlist.strings;
			sourceTree = "<group>";
		};
/* End PBXVariantGroup section */

/* Begin XCBuildConfiguration section */
		A3C5CF9A194771E300D8F7CE /* Debug */ = {
			isa = XCBuildConfiguration;
			buildSettings = {
				ALWAYS_SEARCH_USER_PATHS = NO;
				CLANG_CXX_LANGUAGE_STANDARD = "gnu++0x";
				CLANG_CXX_LIBRARY = "libc++";
				CLANG_ENABLE_MODULES = YES;
				CLANG_ENABLE_OBJC_ARC = YES;
				CLANG_WARN_BOOL_CONVERSION = YES;
				CLANG_WARN_CONSTANT_CONVERSION = YES;
				CLANG_WARN_DIRECT_OBJC_ISA_USAGE = YES_ERROR;
				CLANG_WARN_EMPTY_BODY = YES;
				CLANG_WARN_ENUM_CONVERSION = YES;
				CLANG_WARN_INT_CONVERSION = YES;
				CLANG_WARN_OBJC_ROOT_CLASS = YES_ERROR;
				CLANG_WARN__DUPLICATE_METHOD_MATCH = YES;
				"CODE_SIGN_IDENTITY[sdk=iphoneos*]" = "iPhone Developer";
				COPY_PHASE_STRIP = NO;
				GCC_C_LANGUAGE_STANDARD = gnu99;
				GCC_DYNAMIC_NO_PIC = NO;
				GCC_OPTIMIZATION_LEVEL = 0;
				GCC_PREPROCESSOR_DEFINITIONS = (
					"DEBUG=1",
					"$(inherited)",
				);
				GCC_SYMBOLS_PRIVATE_EXTERN = NO;
				GCC_WARN_64_TO_32_BIT_CONVERSION = YES;
				GCC_WARN_ABOUT_RETURN_TYPE = YES_ERROR;
				GCC_WARN_UNDECLARED_SELECTOR = YES;
				GCC_WARN_UNINITIALIZED_AUTOS = YES_AGGRESSIVE;
				GCC_WARN_UNUSED_FUNCTION = YES;
				GCC_WARN_UNUSED_VARIABLE = YES;
				IPHONEOS_DEPLOYMENT_TARGET = 7.1;
				ONLY_ACTIVE_ARCH = YES;
				SDKROOT = iphoneos;
				TARGETED_DEVICE_FAMILY = "1,2";
			};
			name = Debug;
		};
		A3C5CF9B194771E300D8F7CE /* Release */ = {
			isa = XCBuildConfiguration;
			buildSettings = {
				ALWAYS_SEARCH_USER_PATHS = NO;
				CLANG_CXX_LANGUAGE_STANDARD = "gnu++0x";
				CLANG_CXX_LIBRARY = "libc++";
				CLANG_ENABLE_MODULES = YES;
				CLANG_ENABLE_OBJC_ARC = YES;
				CLANG_WARN_BOOL_CONVERSION = YES;
				CLANG_WARN_CONSTANT_CONVERSION = YES;
				CLANG_WARN_DIRECT_OBJC_ISA_USAGE = YES_ERROR;
				CLANG_WARN_EMPTY_BODY = YES;
				CLANG_WARN_ENUM_CONVERSION = YES;
				CLANG_WARN_INT_CONVERSION = YES;
				CLANG_WARN_OBJC_ROOT_CLASS = YES_ERROR;
				CLANG_WARN__DUPLICATE_METHOD_MATCH = YES;
				"CODE_SIGN_IDENTITY[sdk=iphoneos*]" = "iPhone Developer";
				COPY_PHASE_STRIP = YES;
				ENABLE_NS_ASSERTIONS = NO;
				GCC_C_LANGUAGE_STANDARD = gnu99;
				GCC_WARN_64_TO_32_BIT_CONVERSION = YES;
				GCC_WARN_ABOUT_RETURN_TYPE = YES_ERROR;
				GCC_WARN_UNDECLARED_SELECTOR = YES;
				GCC_WARN_UNINITIALIZED_AUTOS = YES_AGGRESSIVE;
				GCC_WARN_UNUSED_FUNCTION = YES;
				GCC_WARN_UNUSED_VARIABLE = YES;
				IPHONEOS_DEPLOYMENT_TARGET = 7.1;
				SDKROOT = iphoneos;
				TARGETED_DEVICE_FAMILY = "1,2";
				VALIDATE_PRODUCT = YES;
			};
			name = Release;
		};
		A3C5CF9D194771E300D8F7CE /* Debug */ = {
			isa = XCBuildConfiguration;
			baseConfigurationReference = 25ABB5E8CC7B4C00907EC67B /* Pods.xcconfig */;
			buildSettings = {
				ASSETCATALOG_COMPILER_APPICON_NAME = AppIcon;
				ASSETCATALOG_COMPILER_LAUNCHIMAGE_NAME = LaunchImage;
				GCC_PRECOMPILE_PREFIX_HEADER = YES;
				GCC_PREFIX_HEADER = "PokerDemoTable/PokerDemoTable-Prefix.pch";
				INFOPLIST_FILE = "PokerDemoTable/PokerDemoTable-Info.plist";
				IPHONEOS_DEPLOYMENT_TARGET = 5.1;
				PRODUCT_NAME = "$(TARGET_NAME)";
				TARGETED_DEVICE_FAMILY = 1;
				VALID_ARCHS = "armv7 armv7s";
				WRAPPER_EXTENSION = app;
			};
			name = Debug;
		};
		A3C5CF9E194771E300D8F7CE /* Release */ = {
			isa = XCBuildConfiguration;
			baseConfigurationReference = 25ABB5E8CC7B4C00907EC67B /* Pods.xcconfig */;
			buildSettings = {
				ASSETCATALOG_COMPILER_APPICON_NAME = AppIcon;
				ASSETCATALOG_COMPILER_LAUNCHIMAGE_NAME = LaunchImage;
				GCC_PRECOMPILE_PREFIX_HEADER = YES;
				GCC_PREFIX_HEADER = "PokerDemoTable/PokerDemoTable-Prefix.pch";
				INFOPLIST_FILE = "PokerDemoTable/PokerDemoTable-Info.plist";
				IPHONEOS_DEPLOYMENT_TARGET = 5.1;
				PRODUCT_NAME = "$(TARGET_NAME)";
				TARGETED_DEVICE_FAMILY = 1;
				VALID_ARCHS = "armv7 armv7s";
				WRAPPER_EXTENSION = app;
			};
			name = Release;
		};
		A3C5CFA0194771E300D8F7CE /* Debug */ = {
			isa = XCBuildConfiguration;
			buildSettings = {
				BUNDLE_LOADER = "$(BUILT_PRODUCTS_DIR)/PokerDemoTable.app/PokerDemoTable";
				FRAMEWORK_SEARCH_PATHS = (
					"$(SDKROOT)/Developer/Library/Frameworks",
					"$(inherited)",
					"$(DEVELOPER_FRAMEWORKS_DIR)",
				);
				GCC_PRECOMPILE_PREFIX_HEADER = YES;
				GCC_PREFIX_HEADER = "PokerDemoTable/PokerDemoTable-Prefix.pch";
				GCC_PREPROCESSOR_DEFINITIONS = (
					"DEBUG=1",
					"$(inherited)",
				);
				INFOPLIST_FILE = "PokerDemoTableTests/PokerDemoTableTests-Info.plist";
				PRODUCT_NAME = "$(TARGET_NAME)";
				TEST_HOST = "$(BUNDLE_LOADER)";
				WRAPPER_EXTENSION = xctest;
			};
			name = Debug;
		};
		A3C5CFA1194771E300D8F7CE /* Release */ = {
			isa = XCBuildConfiguration;
			buildSettings = {
				BUNDLE_LOADER = "$(BUILT_PRODUCTS_DIR)/PokerDemoTable.app/PokerDemoTable";
				FRAMEWORK_SEARCH_PATHS = (
					"$(SDKROOT)/Developer/Library/Frameworks",
					"$(inherited)",
					"$(DEVELOPER_FRAMEWORKS_DIR)",
				);
				GCC_PRECOMPILE_PREFIX_HEADER = YES;
				GCC_PREFIX_HEADER = "PokerDemoTable/PokerDemoTable-Prefix.pch";
				INFOPLIST_FILE = "PokerDemoTableTests/PokerDemoTableTests-Info.plist";
				PRODUCT_NAME = "$(TARGET_NAME)";
				TEST_HOST = "$(BUNDLE_LOADER)";
				WRAPPER_EXTENSION = xctest;
			};
			name = Release;
		};
/* End XCBuildConfiguration section */

/* Begin XCConfigurationList section */
		A3C5CF62194771E200D8F7CE /* Build configuration list for PBXProject "PokerDemoTable" */ = {
			isa = XCConfigurationList;
			buildConfigurations = (
				A3C5CF9A194771E300D8F7CE /* Debug */,
				A3C5CF9B194771E300D8F7CE /* Release */,
			);
			defaultConfigurationIsVisible = 0;
			defaultConfigurationName = Release;
		};
		A3C5CF9C194771E300D8F7CE /* Build configuration list for PBXNativeTarget "PokerDemoTable" */ = {
			isa = XCConfigurationList;
			buildConfigurations = (
				A3C5CF9D194771E300D8F7CE /* Debug */,
				A3C5CF9E194771E300D8F7CE /* Release */,
			);
			defaultConfigurationIsVisible = 0;
			defaultConfigurationName = Release;
		};
		A3C5CF9F194771E300D8F7CE /* Build configuration list for PBXNativeTarget "PokerDemoTableTests" */ = {
			isa = XCConfigurationList;
			buildConfigurations = (
				A3C5CFA0194771E300D8F7CE /* Debug */,
				A3C5CFA1194771E300D8F7CE /* Release */,
			);
			defaultConfigurationIsVisible = 0;
			defaultConfigurationName = Release;
		};
/* End XCConfigurationList section */

/* Begin XCVersionGroup section */
		A3D39CC21948B597000B10F2 /* DFDataModel.xcdatamodeld */ = {
			isa = XCVersionGroup;
			children = (
				A3D39CC31948B597000B10F2 /* DFDataModel.xcdatamodel */,
			);
			currentVersion = A3D39CC31948B597000B10F2 /* DFDataModel.xcdatamodel */;
			path = DFDataModel.xcdatamodeld;
			sourceTree = "<group>";
			versionGroupType = wrapper.xcdatamodel;
		};
/* End XCVersionGroup section */
	};
	rootObject = A3C5CF5F194771E200D8F7CE /* Project object */;
}
